{
  "version": 4,
  "terraform_version": "1.5.7",
  "serial": 13,
  "lineage": "02044ffb-f38f-d817-6386-481d1f05822d",
  "outputs": {},
  "resources": [
    {
      "mode": "managed",
      "type": "google_container_cluster",
      "name": "jenkins_sonarqube",
      "provider": "provider[\"registry.terraform.io/hashicorp/google\"]",
      "instances": [
        {
          "schema_version": 2,
          "attributes": {
            "addons_config": [
              {
                "cloudrun_config": [],
                "config_connector_config": [],
                "dns_cache_config": [],
                "gce_persistent_disk_csi_driver_config": [
                  {
                    "enabled": true
                  }
                ],
                "gcp_filestore_csi_driver_config": [],
                "gcs_fuse_csi_driver_config": [],
                "gke_backup_agent_config": [],
                "horizontal_pod_autoscaling": [],
                "http_load_balancing": [],
                "network_policy_config": [
                  {
                    "disabled": true
                  }
                ],
                "parallelstore_csi_driver_config": [],
                "ray_operator_config": [],
                "stateful_ha_config": []
              }
            ],
            "allow_net_admin": null,
            "authenticator_groups_config": [],
            "binary_authorization": [
              {
                "enabled": false,
                "evaluation_mode": ""
              }
            ],
            "cluster_autoscaling": [
              {
                "auto_provisioning_defaults": [],
                "auto_provisioning_locations": [],
                "autoscaling_profile": "BALANCED",
                "enabled": false,
                "resource_limits": []
              }
            ],
            "cluster_ipv4_cidr": "10.44.0.0/14",
            "confidential_nodes": [],
            "control_plane_endpoints_config": [
              {
                "dns_endpoint_config": [
                  {
                    "allow_external_traffic": false,
                    "endpoint": "gke-796ddfe8a8a94290ae2a627f0eb40231fdc3-256327570264.us-central1.gke.goog"
                  }
                ]
              }
            ],
            "cost_management_config": [],
            "database_encryption": [
              {
                "key_name": "",
                "state": "DECRYPTED"
              }
            ],
            "datapath_provider": "",
            "default_max_pods_per_node": 110,
            "default_snat_status": [
              {
                "disabled": false
              }
            ],
            "deletion_protection": false,
            "description": "",
            "dns_config": [],
            "effective_labels": {
              "goog-terraform-provisioned": "true"
            },
            "enable_autopilot": false,
            "enable_cilium_clusterwide_network_policy": false,
            "enable_fqdn_network_policy": false,
            "enable_intranode_visibility": false,
            "enable_k8s_beta_apis": [],
            "enable_kubernetes_alpha": false,
            "enable_l4_ilb_subsetting": false,
            "enable_legacy_abac": false,
            "enable_multi_networking": false,
            "enable_shielded_nodes": true,
            "enable_tpu": false,
            "endpoint": "34.69.157.144",
            "enterprise_config": [
              {
                "cluster_tier": "STANDARD",
                "desired_tier": ""
              }
            ],
            "fleet": [],
            "gateway_api_config": [],
            "id": "projects/cloud-infra-project-1-452021/locations/us-central1/clusters/jenkins-sonarqube-cluster",
            "identity_service_config": [],
            "initial_node_count": 1,
            "ip_allocation_policy": [
              {
                "additional_pod_ranges_config": [],
                "cluster_ipv4_cidr_block": "10.44.0.0/14",
                "cluster_secondary_range_name": "gke-jenkins-sonarqube-cluster-pods-796ddfe8",
                "pod_cidr_overprovision_config": [
                  {
                    "disabled": false
                  }
                ],
                "services_ipv4_cidr_block": "34.118.224.0/20",
                "services_secondary_range_name": "",
                "stack_type": "IPV4"
              }
            ],
            "label_fingerprint": "78cdf2f6",
            "location": "us-central1",
            "logging_config": [
              {
                "enable_components": [
                  "SYSTEM_COMPONENTS",
                  "WORKLOADS"
                ]
              }
            ],
            "logging_service": "logging.googleapis.com/kubernetes",
            "maintenance_policy": [],
            "master_auth": [
              {
                "client_certificate": "",
                "client_certificate_config": [
                  {
                    "issue_client_certificate": false
                  }
                ],
                "client_key": "",
                "cluster_ca_certificate": "LS0tLS1CRUdJTiBDRVJUSUZJQ0FURS0tLS0tCk1JSUVMRENDQXBTZ0F3SUJBZ0lRUkJ6TVIvRndpUnZXMi85MnhPdW0rREFOQmdrcWhraUc5dzBCQVFzRkFEQXYKTVMwd0t3WURWUVFERXlRNVpUWTFOekZoTUMwME1USXlMVFEzTmpZdE9UYzNNaTB6TVRjMk16VmtPREl4TTJZdwpJQmNOTWpVd01qSTJNVFEwTkRNMFdoZ1BNakExTlRBeU1Ua3hOVFEwTXpSYU1DOHhMVEFyQmdOVkJBTVRKRGxsCk5qVTNNV0V3TFRReE1qSXRORGMyTmkwNU56Y3lMVE14TnpZek5XUTRNakV6WmpDQ0FhSXdEUVlKS29aSWh2Y04KQVFFQkJRQURnZ0dQQURDQ0FZb0NnZ0dCQU9UOTdna0VUUE5KQlRIZE9JZi9OV3RnbjM2b0Z2K0R1VjRPb1loWApyMlBUZm40Z295bXFoYXhhSEd1Rm80dEhteUJhMzZPeURvVUY2Qm5rcm55S0lnMXJOdThjbVl3UG14YVExODFOClh6M1F6TzZOamtWcmtIdnRSTzlsb21DTFFIbUs3ZGIzVGxxK20yeWhmS2tPbTl1NnZDVFNRajk4bUdydnFrMGMKVFVzVER1d2JZZTVQYW96WGtHcE16ZVlKVmxYU2s2ak84ZmlHV2Z0Y3JLbTJjRzRHdDBDQnNacitIeldzdERtWQorZ0tRNnVXRXdHUEdGK3k4bzNrQVZmZDM2QVk2NzV1aXpOc0JHQzQzdC8rZFhZQVl4bjZhZWs5QmdSNVJIL1NMCjFCa09kMUo5MVRTQjlSeFFCeGRwU1BEMEt0UStVWFdCYkVFdHJOeFl0ZStvdUVma3ZSaXVaQmFOVkREeDkzTVYKeWZOcEhvTFlNRlJXYVlsbVg5Um5ZZ0xWNFJmMnU0K01TK01kamtwbmlKd1BLdktpY0pMRTZ6b3RaTnFjam5jNQpwUFQ4MXhnMjZDNjErVk5ZZmZaMXBRV2dySzdkWmRmUUdaMFp4cFhKNXhzdTI2V3BKNW0wT3dYSXlrUE56NFIxClorVkcxU0paekZkRGFXQnNtY0F5Y201QkJRSURBUUFCbzBJd1FEQU9CZ05WSFE4QkFmOEVCQU1DQWdRd0R3WUQKVlIwVEFRSC9CQVV3QXdFQi96QWRCZ05WSFE0RUZnUVU2TFNWWHplbkZQRC95Wm5teC82M3l5UE9xUEV3RFFZSgpLb1pJaHZjTkFRRUxCUUFEZ2dHQkFBNjdpOUhDTEhtTS8wWkNGbXREU2V1WXNGUTRVWkZid0N4Q3ZwUGpKOVJxCkR5eTZQbnBNVWU0bmEyK3FPR2Mwb2lBdmFaM3ZDdnFuVXJabXRCR1JVY3oyckhGRGFlWUxKRVllWHBhZXhPRW0KRlVwYmxlbWVzSGtMaTFkN09YbGdqeFoyRU92R09VS3lwWmFOQk01MUxKY0RNNjE4ZVRFaGVKTDVMMkVHQ01pSQpXS1A5bW5NcU4yb3Y3OFZwSnZzUnlpb1NoK3VtSTd6RlEyWHpidDhBYlhYT2hiY01KVUNzTEdVUHIzZkRrMFRGCkYzWXJsTFA3ME1QQ1FGT2hQaXNwVnArZjVPT1YvSmlodVREMjFhdERNYVZPL2F1ZzF5RzNiUHlJVTRLOHN6Zk8KdERHOEpGOGFjYUR4YVl6dWk2RUpBc1FraUwvVjd3T3BuREpGa1hEQnFXOHZZc1MwM0h2L1E5aWMwNFZRdTluSwoweDRuaXBBMjB5b0ZQcWd4eUkvaGxLbVFlTzFzTnJRdGllRk5aTVJVOUlFenQ5bGd5T2lnMFR1SHNMNXZBZ2x5CkJVZlBZbFRzbEJlUlBMY3U2T0NBVzEyanVZOU5xTnpBNGZNMHh2ZVNJNmt1LzFwcitOa0FNMzlFMUhNVFZGOUYKcXdCamF3Sjc2dGJ0aWZnb0tUOUV6dz09Ci0tLS0tRU5EIENFUlRJRklDQVRFLS0tLS0K"
              }
            ],
            "master_authorized_networks_config": [],
            "master_version": "1.31.5-gke.1068000",
            "mesh_certificates": [],
            "min_master_version": null,
            "monitoring_config": [
              {
                "advanced_datapath_observability_config": [
                  {
                    "enable_metrics": false,
                    "enable_relay": false
                  }
                ],
                "enable_components": [
                  "SYSTEM_COMPONENTS",
                  "STATEFULSET",
                  "STORAGE",
                  "HPA",
                  "POD",
                  "DAEMONSET",
                  "DEPLOYMENT",
                  "CADVISOR",
                  "KUBELET"
                ],
                "managed_prometheus": [
                  {
                    "enabled": true
                  }
                ]
              }
            ],
            "monitoring_service": "monitoring.googleapis.com/kubernetes",
            "name": "jenkins-sonarqube-cluster",
            "network": "projects/cloud-infra-project-1-452021/global/networks/default",
            "network_policy": [
              {
                "enabled": false,
                "provider": "PROVIDER_UNSPECIFIED"
              }
            ],
            "networking_mode": "VPC_NATIVE",
            "node_config": [
              {
                "advanced_machine_features": [],
                "boot_disk_kms_key": "",
                "confidential_nodes": [],
                "containerd_config": [],
                "disk_size_gb": 100,
                "disk_type": "pd-balanced",
                "effective_taints": [],
                "enable_confidential_storage": false,
                "ephemeral_storage_local_ssd_config": [],
                "fast_socket": [],
                "gcfs_config": [],
                "guest_accelerator": [],
                "gvnic": [],
                "host_maintenance_policy": [],
                "image_type": "COS_CONTAINERD",
                "kubelet_config": [
                  {
                    "allowed_unsafe_sysctls": [],
                    "container_log_max_files": 0,
                    "container_log_max_size": "",
                    "cpu_cfs_quota": false,
                    "cpu_cfs_quota_period": "",
                    "cpu_manager_policy": "",
                    "image_gc_high_threshold_percent": 0,
                    "image_gc_low_threshold_percent": 0,
                    "image_maximum_gc_age": "",
                    "image_minimum_gc_age": "",
                    "insecure_kubelet_readonly_port_enabled": "TRUE",
                    "pod_pids_limit": 0
                  }
                ],
                "labels": {},
                "linux_node_config": [],
                "local_nvme_ssd_block_config": [],
                "local_ssd_count": 0,
                "local_ssd_encryption_mode": "",
                "logging_variant": "DEFAULT",
                "machine_type": "e2-medium",
                "max_run_duration": "",
                "metadata": {
                  "disable-legacy-endpoints": "true"
                },
                "min_cpu_platform": "",
                "node_group": "",
                "oauth_scopes": [
                  "https://www.googleapis.com/auth/devstorage.read_only",
                  "https://www.googleapis.com/auth/logging.write",
                  "https://www.googleapis.com/auth/monitoring",
                  "https://www.googleapis.com/auth/service.management.readonly",
                  "https://www.googleapis.com/auth/servicecontrol",
                  "https://www.googleapis.com/auth/trace.append"
                ],
                "preemptible": false,
                "reservation_affinity": [],
                "resource_labels": {
                  "goog-gke-node-pool-provisioning-model": "on-demand"
                },
                "resource_manager_tags": {},
                "secondary_boot_disks": [],
                "service_account": "default",
                "shielded_instance_config": [
                  {
                    "enable_integrity_monitoring": true,
                    "enable_secure_boot": false
                  }
                ],
                "sole_tenant_config": [],
                "spot": false,
                "storage_pools": [],
                "tags": [],
                "taint": [],
                "workload_metadata_config": []
              }
            ],
            "node_locations": [
              "us-central1-a",
              "us-central1-c",
              "us-central1-f"
            ],
            "node_pool": [
              {
                "autoscaling": [],
                "initial_node_count": 1,
                "instance_group_urls": [
                  "https://www.googleapis.com/compute/v1/projects/cloud-infra-project-1-452021/zones/us-central1-a/instanceGroupManagers/gke-jenkins-sonarqube-cl-default-pool-1ce84abd-grp",
                  "https://www.googleapis.com/compute/v1/projects/cloud-infra-project-1-452021/zones/us-central1-c/instanceGroupManagers/gke-jenkins-sonarqube-cl-default-pool-58642c54-grp",
                  "https://www.googleapis.com/compute/v1/projects/cloud-infra-project-1-452021/zones/us-central1-f/instanceGroupManagers/gke-jenkins-sonarqube-cl-default-pool-688b1334-grp"
                ],
                "managed_instance_group_urls": [
                  "https://www.googleapis.com/compute/v1/projects/cloud-infra-project-1-452021/zones/us-central1-a/instanceGroups/gke-jenkins-sonarqube-cl-default-pool-1ce84abd-grp",
                  "https://www.googleapis.com/compute/v1/projects/cloud-infra-project-1-452021/zones/us-central1-c/instanceGroups/gke-jenkins-sonarqube-cl-default-pool-58642c54-grp",
                  "https://www.googleapis.com/compute/v1/projects/cloud-infra-project-1-452021/zones/us-central1-f/instanceGroups/gke-jenkins-sonarqube-cl-default-pool-688b1334-grp"
                ],
                "management": [
                  {
                    "auto_repair": true,
                    "auto_upgrade": true
                  }
                ],
                "max_pods_per_node": 110,
                "name": "default-pool",
                "name_prefix": "",
                "network_config": [
                  {
                    "additional_node_network_configs": [],
                    "additional_pod_network_configs": [],
                    "create_pod_range": false,
                    "enable_private_nodes": false,
                    "network_performance_config": [],
                    "pod_cidr_overprovision_config": [],
                    "pod_ipv4_cidr_block": "10.44.0.0/14",
                    "pod_range": "gke-jenkins-sonarqube-cluster-pods-796ddfe8"
                  }
                ],
                "node_config": [
                  {
                    "advanced_machine_features": [],
                    "boot_disk_kms_key": "",
                    "confidential_nodes": [],
                    "containerd_config": [],
                    "disk_size_gb": 100,
                    "disk_type": "pd-balanced",
                    "effective_taints": [],
                    "enable_confidential_storage": false,
                    "ephemeral_storage_local_ssd_config": [],
                    "fast_socket": [],
                    "gcfs_config": [],
                    "guest_accelerator": [],
                    "gvnic": [],
                    "host_maintenance_policy": [],
                    "image_type": "COS_CONTAINERD",
                    "kubelet_config": [
                      {
                        "allowed_unsafe_sysctls": [],
                        "container_log_max_files": 0,
                        "container_log_max_size": "",
                        "cpu_cfs_quota": false,
                        "cpu_cfs_quota_period": "",
                        "cpu_manager_policy": "",
                        "image_gc_high_threshold_percent": 0,
                        "image_gc_low_threshold_percent": 0,
                        "image_maximum_gc_age": "",
                        "image_minimum_gc_age": "",
                        "insecure_kubelet_readonly_port_enabled": "TRUE",
                        "pod_pids_limit": 0
                      }
                    ],
                    "labels": {},
                    "linux_node_config": [],
                    "local_nvme_ssd_block_config": [],
                    "local_ssd_count": 0,
                    "local_ssd_encryption_mode": "",
                    "logging_variant": "DEFAULT",
                    "machine_type": "e2-medium",
                    "max_run_duration": "",
                    "metadata": {
                      "disable-legacy-endpoints": "true"
                    },
                    "min_cpu_platform": "",
                    "node_group": "",
                    "oauth_scopes": [
                      "https://www.googleapis.com/auth/devstorage.read_only",
                      "https://www.googleapis.com/auth/logging.write",
                      "https://www.googleapis.com/auth/monitoring",
                      "https://www.googleapis.com/auth/service.management.readonly",
                      "https://www.googleapis.com/auth/servicecontrol",
                      "https://www.googleapis.com/auth/trace.append"
                    ],
                    "preemptible": false,
                    "reservation_affinity": [],
                    "resource_labels": {
                      "goog-gke-node-pool-provisioning-model": "on-demand"
                    },
                    "resource_manager_tags": {},
                    "secondary_boot_disks": [],
                    "service_account": "default",
                    "shielded_instance_config": [
                      {
                        "enable_integrity_monitoring": true,
                        "enable_secure_boot": false
                      }
                    ],
                    "sole_tenant_config": [],
                    "spot": false,
                    "storage_pools": [],
                    "tags": [],
                    "taint": [],
                    "workload_metadata_config": []
                  }
                ],
                "node_count": 1,
                "node_locations": [
                  "us-central1-a",
                  "us-central1-c",
                  "us-central1-f"
                ],
                "placement_policy": [],
                "queued_provisioning": [],
                "upgrade_settings": [
                  {
                    "blue_green_settings": [],
                    "max_surge": 1,
                    "max_unavailable": 0,
                    "strategy": "SURGE"
                  }
                ],
                "version": "1.31.5-gke.1068000"
              }
            ],
            "node_pool_auto_config": [],
            "node_pool_defaults": [
              {
                "node_config_defaults": [
                  {
                    "containerd_config": [],
                    "gcfs_config": [],
                    "insecure_kubelet_readonly_port_enabled": "FALSE",
                    "logging_variant": "DEFAULT"
                  }
                ]
              }
            ],
            "node_version": "1.31.5-gke.1068000",
            "notification_config": [
              {
                "pubsub": [
                  {
                    "enabled": false,
                    "filter": [],
                    "topic": ""
                  }
                ]
              }
            ],
            "operation": null,
            "private_cluster_config": [
              {
                "enable_private_endpoint": false,
                "enable_private_nodes": false,
                "master_global_access_config": [
                  {
                    "enabled": false
                  }
                ],
                "master_ipv4_cidr_block": "",
                "peering_name": "",
                "private_endpoint": "10.128.0.21",
                "private_endpoint_subnetwork": "",
                "public_endpoint": "34.69.157.144"
              }
            ],
            "private_ipv6_google_access": "",
            "project": "cloud-infra-project-1-452021",
            "release_channel": [
              {
                "channel": "REGULAR"
              }
            ],
            "remove_default_node_pool": false,
            "resource_labels": {},
            "resource_usage_export_config": [],
            "secret_manager_config": [
              {
                "enabled": false
              }
            ],
            "security_posture_config": [
              {
                "mode": "BASIC",
                "vulnerability_mode": "VULNERABILITY_MODE_UNSPECIFIED"
              }
            ],
            "self_link": "https://container.googleapis.com/v1/projects/cloud-infra-project-1-452021/locations/us-central1/clusters/jenkins-sonarqube-cluster",
            "service_external_ips_config": [
              {
                "enabled": false
              }
            ],
            "services_ipv4_cidr": "34.118.224.0/20",
            "subnetwork": "projects/cloud-infra-project-1-452021/regions/us-central1/subnetworks/default",
            "terraform_labels": {
              "goog-terraform-provisioned": "true"
            },
            "timeouts": null,
            "tpu_ipv4_cidr_block": "",
            "user_managed_keys_config": [],
            "vertical_pod_autoscaling": [],
            "workload_identity_config": []
          },
          "sensitive_attributes": [],
          "private": "eyJlMmJmYjczMC1lY2FhLTExZTYtOGY4OC0zNDM2M2JjN2M0YzAiOnsiY3JlYXRlIjoyNDAwMDAwMDAwMDAwLCJkZWxldGUiOjI0MDAwMDAwMDAwMDAsInJlYWQiOjI0MDAwMDAwMDAwMDAsInVwZGF0ZSI6MzYwMDAwMDAwMDAwMH0sInNjaGVtYV92ZXJzaW9uIjoiMiJ9"
        }
      ]
    }
  ],
  "check_results": null
}
